{"is_source_file": false, "format": "", "description": "", "external_files": [], "external_methods": [], "published": [], "classes": [], "methods": [], "calls": [], "search-terms": [], "state": 2, "file_id": 21, "knowledge_revision": 57, "git_revision": "e746ead32cf79c7ac35dd370074a26acad692719", "filename": "/home/kavia/workspace/code-generation/tictactoe-classic-96733-96738/main_container_for_tictactoe_classic/post_process_status.lock", "hash": "e9b4c3b42cef0193b7fddb548d37e652", "format-version": 4, "code-base-name": "default", "revision_history": [{"57": "e746ead32cf79c7ac35dd370074a26acad692719"}]}